
Microsoft Visual Studio Solution File, Format Version 12.00
# Visual Studio Version 17
VisualStudioVersion = 17.3.32922.545
MinimumVisualStudioVersion = 10.0.40219.1
Project("{FAE04EC0-301F-11D3-BF4B-00C04F79EFBC}") = "Profession", "Profession.csproj", "{338CA627-714D-4290-8C86-A992196C3450}"
EndProject
Global
	GlobalSection(SolutionConfigurationPlatforms) = preSolution
		Debug|Any CPU = Debug|Any CPU
		Release|Any CPU = Release|Any CPU
	EndGlobalSection
	GlobalSection(ProjectConfigurationPlatforms) = postSolution
		{338CA627-714D-4290-8C86-A992196C3450}.Debug|Any CPU.ActiveCfg = Debug|Any CPU
		{338CA627-714D-4290-8C86-A992196C3450}.Debug|Any CPU.Build.0 = Debug|Any CPU
		{338CA627-714D-4290-8C86-A992196C3450}.Release|Any CPU.ActiveCfg = Release|Any CPU
		{338CA627-714D-4290-8C86-A992196C3450}.Release|Any CPU.Build.0 = Release|Any CPU
	EndGlobalSection
	GlobalSection(SolutionProperties) = preSolution
		HideSolutionNode = FALSE
	EndGlobalSection
	GlobalSection(ExtensibilityGlobals) = postSolution
		SolutionGuid = {34B7DBEA-C22B-4E6D-AFB4-879BFA760912}
	EndGlobalSection
EndGlobal
